
Microsoft Visual Studio Solution File, Format Version 12.00
# Visual Studio Version 17
VisualStudioVersion = 17.11.35222.181
MinimumVisualStudioVersion = 10.0.40219.1
Project("{FAE04EC0-301F-11D3-BF4B-00C04F79EFBC}") = "PakShavad6", "PakShavad6\PakShavad6.csproj", "{AAC52564-DDD2-48E4-A4FF-295B59BA1140}"
EndProject
Global
	GlobalSection(SolutionConfigurationPlatforms) = preSolution
		Debug|Any CPU = Debug|Any CPU
		Release|Any CPU = Release|Any CPU
	EndGlobalSection
	GlobalSection(ProjectConfigurationPlatforms) = postSolution
		{AAC52564-DDD2-48E4-A4FF-295B59BA1140}.Debug|Any CPU.ActiveCfg = Debug|Any CPU
		{AAC52564-DDD2-48E4-A4FF-295B59BA1140}.Debug|Any CPU.Build.0 = Debug|Any CPU
		{AAC52564-DDD2-48E4-A4FF-295B59BA1140}.Release|Any CPU.ActiveCfg = Release|Any CPU
		{AAC52564-DDD2-48E4-A4FF-295B59BA1140}.Release|Any CPU.Build.0 = Release|Any CPU
	EndGlobalSection
	GlobalSection(SolutionProperties) = preSolution
		HideSolutionNode = FALSE
	EndGlobalSection
	GlobalSection(ExtensibilityGlobals) = postSolution
		SolutionGuid = {FE85351E-C928-4331-BAA3-8783CB1A531C}
	EndGlobalSection
EndGlobal
